// !$*UTF8*$!
{
	archiveVersion = 1;
	classes = {
	};
	objectVersion = 50;
	objects = {

/* Begin PBXBuildFile section */
		95F1831326190897009A822B /* LaunchScreen.storyboard in Resources */ = {isa = PBXBuildFile; fileRef = 95F1831126190897009A822B /* LaunchScreen.storyboard */; };
		95F18347261908B7009A822B /* UIImageView+KWBImage.m in Sources */ = {isa = PBXBuildFile; fileRef = 95F18320261908B6009A822B /* UIImageView+KWBImage.m */; };
		95F18348261908B7009A822B /* UIImage+KWBImage.m in Sources */ = {isa = PBXBuildFile; fileRef = 95F18321261908B6009A822B /* UIImage+KWBImage.m */; };
		95F18349261908B7009A822B /* KWBCacheManager.m in Sources */ = {isa = PBXBuildFile; fileRef = 95F18326261908B6009A822B /* KWBCacheManager.m */; };
		95F1834A261908B7009A822B /* KWBImageDownloader.m in Sources */ = {isa = PBXBuildFile; fileRef = 95F18327261908B6009A822B /* KWBImageDownloader.m */; };
		95F1834B261908B7009A822B /* KWBBaseModel.m in Sources */ = {isa = PBXBuildFile; fileRef = 95F1832B261908B6009A822B /* KWBBaseModel.m */; };
		95F1834C261908B7009A822B /* KWBStatusModel.m in Sources */ = {isa = PBXBuildFile; fileRef = 95F1832C261908B6009A822B /* KWBStatusModel.m */; };
		95F1834D261908B7009A822B /* KWBUserModel.m in Sources */ = {isa = PBXBuildFile; fileRef = 95F1832D261908B6009A822B /* KWBUserModel.m */; };
		95F1834E261908B7009A822B /* KWBStatusCell.m in Sources */ = {isa = PBXBuildFile; fileRef = 95F18332261908B7009A822B /* KWBStatusCell.m */; };
		95F1834F261908B7009A822B /* KWBOAuthWebViewController.m in Sources */ = {isa = PBXBuildFile; fileRef = 95F18334261908B7009A822B /* KWBOAuthWebViewController.m */; };
		95F18350261908B7009A822B /* KWBTabBarViewController.m in Sources */ = {isa = PBXBuildFile; fileRef = 95F18335261908B7009A822B /* KWBTabBarViewController.m */; };
		95F18351261908B7009A822B /* KWBHomePageViewController.m in Sources */ = {isa = PBXBuildFile; fileRef = 95F18336261908B7009A822B /* KWBHomePageViewController.m */; };
		95F18352261908B7009A822B /* KWBLoadMoreControl.m in Sources */ = {isa = PBXBuildFile; fileRef = 95F18338261908B7009A822B /* KWBLoadMoreControl.m */; };
		95F18353261908B7009A822B /* NSString+KWBDateFormat.m in Sources */ = {isa = PBXBuildFile; fileRef = 95F18340261908B7009A822B /* NSString+KWBDateFormat.m */; };
		95F18354261908B7009A822B /* UIButton+KWBButton.m in Sources */ = {isa = PBXBuildFile; fileRef = 95F18341261908B7009A822B /* UIButton+KWBButton.m */; };
		95F18355261908B7009A822B /* UIView+KWBCorner.m in Sources */ = {isa = PBXBuildFile; fileRef = 95F18342261908B7009A822B /* UIView+KWBCorner.m */; };
		95F18356261908B7009A822B /* KWBBaseURLs.m in Sources */ = {isa = PBXBuildFile; fileRef = 95F18345261908B7009A822B /* KWBBaseURLs.m */; };
		95F18357261908B7009A822B /* AppDelegate.m in Sources */ = {isa = PBXBuildFile; fileRef = 95F18346261908B7009A822B /* AppDelegate.m */; };
		95F1835D261908CB009A822B /* main.m in Sources */ = {isa = PBXBuildFile; fileRef = 95F1835A261908CB009A822B /* main.m */; };
		95F1835E261908CB009A822B /* Assets.xcassets in Resources */ = {isa = PBXBuildFile; fileRef = 95F1835B261908CB009A822B /* Assets.xcassets */; };
		95F1835F261908CB009A822B /* statuses.json in Resources */ = {isa = PBXBuildFile; fileRef = 95F1835C261908CB009A822B /* statuses.json */; };
		95F1837426190D21009A822B /* WeiboSDK.bundle in Resources */ = {isa = PBXBuildFile; fileRef = 95F1837026190D21009A822B /* WeiboSDK.bundle */; };
		95F1837526190D21009A822B /* libWeiboSDK.a in Frameworks */ = {isa = PBXBuildFile; fileRef = 95F1837126190D21009A822B /* libWeiboSDK.a */; };
/* End PBXBuildFile section */

/* Begin PBXFileReference section */
		95F1830026190895009A822B /* kweibo.app */ = {isa = PBXFileReference; explicitFileType = wrapper.application; includeInIndex = 0; path = kweibo.app; sourceTree = BUILT_PRODUCTS_DIR; };
		95F1831226190897009A822B /* Base */ = {isa = PBXFileReference; lastKnownFileType = file.storyboard; name = Base; path = Base.lproj/LaunchScreen.storyboard; sourceTree = "<group>"; };
		95F1831426190897009A822B /* Info.plist */ = {isa = PBXFileReference; lastKnownFileType = text.plist.xml; path = Info.plist; sourceTree = "<group>"; };
		95F18320261908B6009A822B /* UIImageView+KWBImage.m */ = {isa = PBXFileReference; fileEncoding = 4; lastKnownFileType = sourcecode.c.objc; path = "UIImageView+KWBImage.m"; sourceTree = "<group>"; };
		95F18321261908B6009A822B /* UIImage+KWBImage.m */ = {isa = PBXFileReference; fileEncoding = 4; lastKnownFileType = sourcecode.c.objc; path = "UIImage+KWBImage.m"; sourceTree = "<group>"; };
		95F18322261908B6009A822B /* KWBImageDownloader.h */ = {isa = PBXFileReference; fileEncoding = 4; lastKnownFileType = sourcecode.c.h; path = KWBImageDownloader.h; sourceTree = "<group>"; };
		95F18323261908B6009A822B /* KWBCacheManager.h */ = {isa = PBXFileReference; fileEncoding = 4; lastKnownFileType = sourcecode.c.h; path = KWBCacheManager.h; sourceTree = "<group>"; };
		95F18324261908B6009A822B /* UIImageView+KWBImage.h */ = {isa = PBXFileReference; fileEncoding = 4; lastKnownFileType = sourcecode.c.h; path = "UIImageView+KWBImage.h"; sourceTree = "<group>"; };
		95F18325261908B6009A822B /* UIImage+KWBImage.h */ = {isa = PBXFileReference; fileEncoding = 4; lastKnownFileType = sourcecode.c.h; path = "UIImage+KWBImage.h"; sourceTree = "<group>"; };
		95F18326261908B6009A822B /* KWBCacheManager.m */ = {isa = PBXFileReference; fileEncoding = 4; lastKnownFileType = sourcecode.c.objc; path = KWBCacheManager.m; sourceTree = "<group>"; };
		95F18327261908B6009A822B /* KWBImageDownloader.m */ = {isa = PBXFileReference; fileEncoding = 4; lastKnownFileType = sourcecode.c.objc; path = KWBImageDownloader.m; sourceTree = "<group>"; };
		95F18328261908B6009A822B /* kweibo-PrefixHeader.pch */ = {isa = PBXFileReference; fileEncoding = 4; lastKnownFileType = sourcecode.c.h; path = "kweibo-PrefixHeader.pch"; sourceTree = "<group>"; };
		95F18329261908B6009A822B /* AppDelegate.h */ = {isa = PBXFileReference; fileEncoding = 4; lastKnownFileType = sourcecode.c.h; path = AppDelegate.h; sourceTree = "<group>"; };
		95F1832B261908B6009A822B /* KWBBaseModel.m */ = {isa = PBXFileReference; fileEncoding = 4; lastKnownFileType = sourcecode.c.objc; path = KWBBaseModel.m; sourceTree = "<group>"; };
		95F1832C261908B6009A822B /* KWBStatusModel.m */ = {isa = PBXFileReference; fileEncoding = 4; lastKnownFileType = sourcecode.c.objc; path = KWBStatusModel.m; sourceTree = "<group>"; };
		95F1832D261908B6009A822B /* KWBUserModel.m */ = {isa = PBXFileReference; fileEncoding = 4; lastKnownFileType = sourcecode.c.objc; path = KWBUserModel.m; sourceTree = "<group>"; };
		95F1832E261908B6009A822B /* KWBBaseModel.h */ = {isa = PBXFileReference; fileEncoding = 4; lastKnownFileType = sourcecode.c.h; path = KWBBaseModel.h; sourceTree = "<group>"; };
		95F1832F261908B6009A822B /* KWBUserModel.h */ = {isa = PBXFileReference; fileEncoding = 4; lastKnownFileType = sourcecode.c.h; path = KWBUserModel.h; sourceTree = "<group>"; };
		95F18330261908B6009A822B /* KWBStatusModel.h */ = {isa = PBXFileReference; fileEncoding = 4; lastKnownFileType = sourcecode.c.h; path = KWBStatusModel.h; sourceTree = "<group>"; };
		95F18332261908B7009A822B /* KWBStatusCell.m */ = {isa = PBXFileReference; fileEncoding = 4; lastKnownFileType = sourcecode.c.objc; path = KWBStatusCell.m; sourceTree = "<group>"; };
		95F18333261908B7009A822B /* KWBLoadMoreControl.h */ = {isa = PBXFileReference; fileEncoding = 4; lastKnownFileType = sourcecode.c.h; path = KWBLoadMoreControl.h; sourceTree = "<group>"; };
		95F18334261908B7009A822B /* KWBOAuthWebViewController.m */ = {isa = PBXFileReference; fileEncoding = 4; lastKnownFileType = sourcecode.c.objc; path = KWBOAuthWebViewController.m; sourceTree = "<group>"; };
		95F18335261908B7009A822B /* KWBTabBarViewController.m */ = {isa = PBXFileReference; fileEncoding = 4; lastKnownFileType = sourcecode.c.objc; path = KWBTabBarViewController.m; sourceTree = "<group>"; };
		95F18336261908B7009A822B /* KWBHomePageViewController.m */ = {isa = PBXFileReference; fileEncoding = 4; lastKnownFileType = sourcecode.c.objc; path = KWBHomePageViewController.m; sourceTree = "<group>"; };
		95F18337261908B7009A822B /* KWBStatusCell.h */ = {isa = PBXFileReference; fileEncoding = 4; lastKnownFileType = sourcecode.c.h; path = KWBStatusCell.h; sourceTree = "<group>"; };
		95F18338261908B7009A822B /* KWBLoadMoreControl.m */ = {isa = PBXFileReference; fileEncoding = 4; lastKnownFileType = sourcecode.c.objc; path = KWBLoadMoreControl.m; sourceTree = "<group>"; };
		95F18339261908B7009A822B /* KWBHomePageViewController.h */ = {isa = PBXFileReference; fileEncoding = 4; lastKnownFileType = sourcecode.c.h; path = KWBHomePageViewController.h; sourceTree = "<group>"; };
		95F1833A261908B7009A822B /* KWBTabBarViewController.h */ = {isa = PBXFileReference; fileEncoding = 4; lastKnownFileType = sourcecode.c.h; path = KWBTabBarViewController.h; sourceTree = "<group>"; };
		95F1833B261908B7009A822B /* KWBOAuthWebViewController.h */ = {isa = PBXFileReference; fileEncoding = 4; lastKnownFileType = sourcecode.c.h; path = KWBOAuthWebViewController.h; sourceTree = "<group>"; };
		95F1833D261908B7009A822B /* NSString+KWBDateFormat.h */ = {isa = PBXFileReference; fileEncoding = 4; lastKnownFileType = sourcecode.c.h; path = "NSString+KWBDateFormat.h"; sourceTree = "<group>"; };
		95F1833E261908B7009A822B /* UIView+KWBCorner.h */ = {isa = PBXFileReference; fileEncoding = 4; lastKnownFileType = sourcecode.c.h; path = "UIView+KWBCorner.h"; sourceTree = "<group>"; };
		95F1833F261908B7009A822B /* UIButton+KWBButton.h */ = {isa = PBXFileReference; fileEncoding = 4; lastKnownFileType = sourcecode.c.h; path = "UIButton+KWBButton.h"; sourceTree = "<group>"; };
		95F18340261908B7009A822B /* NSString+KWBDateFormat.m */ = {isa = PBXFileReference; fileEncoding = 4; lastKnownFileType = sourcecode.c.objc; path = "NSString+KWBDateFormat.m"; sourceTree = "<group>"; };
		95F18341261908B7009A822B /* UIButton+KWBButton.m */ = {isa = PBXFileReference; fileEncoding = 4; lastKnownFileType = sourcecode.c.objc; path = "UIButton+KWBButton.m"; sourceTree = "<group>"; };
		95F18342261908B7009A822B /* UIView+KWBCorner.m */ = {isa = PBXFileReference; fileEncoding = 4; lastKnownFileType = sourcecode.c.objc; path = "UIView+KWBCorner.m"; sourceTree = "<group>"; };
		95F18344261908B7009A822B /* KWBBaseURLs.h */ = {isa = PBXFileReference; fileEncoding = 4; lastKnownFileType = sourcecode.c.h; path = KWBBaseURLs.h; sourceTree = "<group>"; };
		95F18345261908B7009A822B /* KWBBaseURLs.m */ = {isa = PBXFileReference; fileEncoding = 4; lastKnownFileType = sourcecode.c.objc; path = KWBBaseURLs.m; sourceTree = "<group>"; };
		95F18346261908B7009A822B /* AppDelegate.m */ = {isa = PBXFileReference; fileEncoding = 4; lastKnownFileType = sourcecode.c.objc; path = AppDelegate.m; sourceTree = "<group>"; };
		95F1835A261908CB009A822B /* main.m */ = {isa = PBXFileReference; fileEncoding = 4; lastKnownFileType = sourcecode.c.objc; path = main.m; sourceTree = "<group>"; };
		95F1835B261908CB009A822B /* Assets.xcassets */ = {isa = PBXFileReference; lastKnownFileType = folder.assetcatalog; path = Assets.xcassets; sourceTree = "<group>"; };
		95F1835C261908CB009A822B /* statuses.json */ = {isa = PBXFileReference; fileEncoding = 4; lastKnownFileType = text.json; path = statuses.json; sourceTree = "<group>"; };
		95F1837026190D21009A822B /* WeiboSDK.bundle */ = {isa = PBXFileReference; lastKnownFileType = "wrapper.plug-in"; path = WeiboSDK.bundle; sourceTree = "<group>"; };
		95F1837126190D21009A822B /* libWeiboSDK.a */ = {isa = PBXFileReference; lastKnownFileType = archive.ar; path = libWeiboSDK.a; sourceTree = "<group>"; };
		95F1837226190D21009A822B /* WBHttpRequest.h */ = {isa = PBXFileReference; fileEncoding = 4; lastKnownFileType = sourcecode.c.h; path = WBHttpRequest.h; sourceTree = "<group>"; };
		95F1837326190D21009A822B /* WeiboSDK.h */ = {isa = PBXFileReference; fileEncoding = 4; lastKnownFileType = sourcecode.c.h; path = WeiboSDK.h; sourceTree = "<group>"; };
/* End PBXFileReference section */

/* Begin PBXFrameworksBuildPhase section */
		95F182FD26190895009A822B /* Frameworks */ = {
			isa = PBXFrameworksBuildPhase;
			buildActionMask = 2147483647;
			files = (
				95F1837526190D21009A822B /* libWeiboSDK.a in Frameworks */,
			);
			runOnlyForDeploymentPostprocessing = 0;
		};
/* End PBXFrameworksBuildPhase section */

/* Begin PBXGroup section */
		95F182F726190895009A822B = {
			isa = PBXGroup;
			children = (
				95F1836F26190D21009A822B /* libWeiboSDK */,
				95F1830226190895009A822B /* kweibo */,
				95F1830126190895009A822B /* Products */,
			);
			sourceTree = "<group>";
		};
		95F1830126190895009A822B /* Products */ = {
			isa = PBXGroup;
			children = (
				95F1830026190895009A822B /* kweibo.app */,
			);
			name = Products;
			sourceTree = "<group>";
		};
		95F1830226190895009A822B /* kweibo */ = {
			isa = PBXGroup;
			children = (
				95F18359261908BD009A822B /* Supporting Files */,
				95F18329261908B6009A822B /* AppDelegate.h */,
				95F18346261908B7009A822B /* AppDelegate.m */,
				95F1833C261908B7009A822B /* KWBCategory */,
				95F18331261908B7009A822B /* KWBHomePage */,
				95F1831F261908B6009A822B /* KWBImage */,
				95F1832A261908B6009A822B /* KWBModel */,
				95F18343261908B7009A822B /* KWBNetwork */,
				95F18328261908B6009A822B /* kweibo-PrefixHeader.pch */,
			);
			path = kweibo;
			sourceTree = "<group>";
		};
		95F1831F261908B6009A822B /* KWBImage */ = {
			isa = PBXGroup;
			children = (
				95F18325261908B6009A822B /* UIImage+KWBImage.h */,
				95F18321261908B6009A822B /* UIImage+KWBImage.m */,
				95F18324261908B6009A822B /* UIImageView+KWBImage.h */,
				95F18320261908B6009A822B /* UIImageView+KWBImage.m */,
				95F18322261908B6009A822B /* KWBImageDownloader.h */,
				95F18327261908B6009A822B /* KWBImageDownloader.m */,
				95F18323261908B6009A822B /* KWBCacheManager.h */,
				95F18326261908B6009A822B /* KWBCacheManager.m */,
			);
			path = KWBImage;
			sourceTree = "<group>";
		};
		95F1832A261908B6009A822B /* KWBModel */ = {
			isa = PBXGroup;
			children = (
				95F1832F261908B6009A822B /* KWBUserModel.h */,
				95F1832D261908B6009A822B /* KWBUserModel.m */,
				95F18330261908B6009A822B /* KWBStatusModel.h */,
				95F1832C261908B6009A822B /* KWBStatusModel.m */,
				95F1832E261908B6009A822B /* KWBBaseModel.h */,
				95F1832B261908B6009A822B /* KWBBaseModel.m */,
			);
			path = KWBModel;
			sourceTree = "<group>";
		};
		95F18331261908B7009A822B /* KWBHomePage */ = {
			isa = PBXGroup;
			children = (
				95F18339261908B7009A822B /* KWBHomePageViewController.h */,
				95F18336261908B7009A822B /* KWBHomePageViewController.m */,
				95F18337261908B7009A822B /* KWBStatusCell.h */,
				95F18332261908B7009A822B /* KWBStatusCell.m */,
				95F18333261908B7009A822B /* KWBLoadMoreControl.h */,
				95F18338261908B7009A822B /* KWBLoadMoreControl.m */,
				95F1833A261908B7009A822B /* KWBTabBarViewController.h */,
				95F18335261908B7009A822B /* KWBTabBarViewController.m */,
				95F1833B261908B7009A822B /* KWBOAuthWebViewController.h */,
				95F18334261908B7009A822B /* KWBOAuthWebViewController.m */,
			);
			path = KWBHomePage;
			sourceTree = "<group>";
		};
		95F1833C261908B7009A822B /* KWBCategory */ = {
			isa = PBXGroup;
			children = (
				95F1833D261908B7009A822B /* NSString+KWBDateFormat.h */,
				95F18340261908B7009A822B /* NSString+KWBDateFormat.m */,
				95F1833E261908B7009A822B /* UIView+KWBCorner.h */,
				95F18342261908B7009A822B /* UIView+KWBCorner.m */,
				95F1833F261908B7009A822B /* UIButton+KWBButton.h */,
				95F18341261908B7009A822B /* UIButton+KWBButton.m */,
			);
			path = KWBCategory;
			sourceTree = "<group>";
		};
		95F18343261908B7009A822B /* KWBNetwork */ = {
			isa = PBXGroup;
			children = (
				95F18344261908B7009A822B /* KWBBaseURLs.h */,
				95F18345261908B7009A822B /* KWBBaseURLs.m */,
			);
			path = KWBNetwork;
			sourceTree = "<group>";
		};
		95F18359261908BD009A822B /* Supporting Files */ = {
			isa = PBXGroup;
			children = (
				95F1831426190897009A822B /* Info.plist */,
				95F1835B261908CB009A822B /* Assets.xcassets */,
				95F1835A261908CB009A822B /* main.m */,
				95F1835C261908CB009A822B /* statuses.json */,
				95F1831126190897009A822B /* LaunchScreen.storyboard */,
			);
			path = "Supporting Files";
			sourceTree = "<group>";
		};
		95F1836F26190D21009A822B /* libWeiboSDK */ = {
			isa = PBXGroup;
			children = (
				95F1837026190D21009A822B /* WeiboSDK.bundle */,
				95F1837126190D21009A822B /* libWeiboSDK.a */,
				95F1837226190D21009A822B /* WBHttpRequest.h */,
				95F1837326190D21009A822B /* WeiboSDK.h */,
			);
			path = libWeiboSDK;
			sourceTree = "<group>";
		};
/* End PBXGroup section */

/* Begin PBXNativeTarget section */
		95F182FF26190895009A822B /* kweibo */ = {
			isa = PBXNativeTarget;
			buildConfigurationList = 95F1831926190897009A822B /* Build configuration list for PBXNativeTarget "kweibo" */;
			buildPhases = (
				95F182FC26190895009A822B /* Sources */,
				95F182FD26190895009A822B /* Frameworks */,
				95F182FE26190895009A822B /* Resources */,
			);
			buildRules = (
			);
			dependencies = (
			);
			name = kweibo;
			productName = kweibo;
			productReference = 95F1830026190895009A822B /* kweibo.app */;
			productType = "com.apple.product-type.application";
		};
/* End PBXNativeTarget section */

/* Begin PBXProject section */
		95F182F826190895009A822B /* Project object */ = {
			isa = PBXProject;
			attributes = {
				LastUpgradeCheck = 1240;
				TargetAttributes = {
					95F182FF26190895009A822B = {
						CreatedOnToolsVersion = 12.4;
					};
				};
			};
			buildConfigurationList = 95F182FB26190895009A822B /* Build configuration list for PBXProject "kweibo" */;
			compatibilityVersion = "Xcode 9.3";
			developmentRegion = en;
			hasScannedForEncodings = 0;
			knownRegions = (
				en,
				Base,
			);
			mainGroup = 95F182F726190895009A822B;
			productRefGroup = 95F1830126190895009A822B /* Products */;
			projectDirPath = "";
			projectRoot = "";
			targets = (
				95F182FF26190895009A822B /* kweibo */,
			);
		};
/* End PBXProject section */

/* Begin PBXResourcesBuildPhase section */
		95F182FE26190895009A822B /* Resources */ = {
			isa = PBXResourcesBuildPhase;
			buildActionMask = 2147483647;
			files = (
				95F1835F261908CB009A822B /* statuses.json in Resources */,
				95F1835E261908CB009A822B /* Assets.xcassets in Resources */,
				95F1831326190897009A822B /* LaunchScreen.storyboard in Resources */,
				95F1837426190D21009A822B /* WeiboSDK.bundle in Resources */,
			);
			runOnlyForDeploymentPostprocessing = 0;
		};
/* End PBXResourcesBuildPhase section */

/* Begin PBXSourcesBuildPhase section */
		95F182FC26190895009A822B /* Sources */ = {
			isa = PBXSourcesBuildPhase;
			buildActionMask = 2147483647;
			files = (
				95F18349261908B7009A822B /* KWBCacheManager.m in Sources */,
				95F18351261908B7009A822B /* KWBHomePageViewController.m in Sources */,
				95F1834A261908B7009A822B /* KWBImageDownloader.m in Sources */,
				95F1834E261908B7009A822B /* KWBStatusCell.m in Sources */,
				95F18350261908B7009A822B /* KWBTabBarViewController.m in Sources */,
				95F1834D261908B7009A822B /* KWBUserModel.m in Sources */,
				95F1834C261908B7009A822B /* KWBStatusModel.m in Sources */,
				95F18352261908B7009A822B /* KWBLoadMoreControl.m in Sources */,
				95F18348261908B7009A822B /* UIImage+KWBImage.m in Sources */,
				95F18347261908B7009A822B /* UIImageView+KWBImage.m in Sources */,
				95F1834F261908B7009A822B /* KWBOAuthWebViewController.m in Sources */,
				95F18355261908B7009A822B /* UIView+KWBCorner.m in Sources */,
				95F1834B261908B7009A822B /* KWBBaseModel.m in Sources */,
				95F18356261908B7009A822B /* KWBBaseURLs.m in Sources */,
				95F18357261908B7009A822B /* AppDelegate.m in Sources */,
				95F18354261908B7009A822B /* UIButton+KWBButton.m in Sources */,
				95F1835D261908CB009A822B /* main.m in Sources */,
				95F18353261908B7009A822B /* NSString+KWBDateFormat.m in Sources */,
			);
			runOnlyForDeploymentPostprocessing = 0;
		};
/* End PBXSourcesBuildPhase section */

/* Begin PBXVariantGroup section */
		95F1831126190897009A822B /* LaunchScreen.storyboard */ = {
			isa = PBXVariantGroup;
			children = (
				95F1831226190897009A822B /* Base */,
			);
			name = LaunchScreen.storyboard;
			sourceTree = "<group>";
		};
/* End PBXVariantGroup section */

/* Begin XCBuildConfiguration section */
		95F1831726190897009A822B /* Debug */ = {
			isa = XCBuildConfiguration;
			buildSettings = {
				ALWAYS_SEARCH_USER_PATHS = NO;
				CLANG_ANALYZER_NONNULL = YES;
				CLANG_ANALYZER_NUMBER_OBJECT_CONVERSION = YES_AGGRESSIVE;
				CLANG_CXX_LANGUAGE_STANDARD = "gnu++14";
				CLANG_CXX_LIBRARY = "libc++";
				CLANG_ENABLE_MODULES = YES;
				CLANG_ENABLE_OBJC_ARC = YES;
				CLANG_ENABLE_OBJC_WEAK = YES;
				CLANG_WARN_BLOCK_CAPTURE_AUTORELEASING = YES;
				CLANG_WARN_BOOL_CONVERSION = YES;
				CLANG_WARN_COMMA = YES;
				CLANG_WARN_CONSTANT_CONVERSION = YES;
				CLANG_WARN_DEPRECATED_OBJC_IMPLEMENTATIONS = YES;
				CLANG_WARN_DIRECT_OBJC_ISA_USAGE = YES_ERROR;
				CLANG_WARN_DOCUMENTATION_COMMENTS = YES;
				CLANG_WARN_EMPTY_BODY = YES;
				CLANG_WARN_ENUM_CONVERSION = YES;
				CLANG_WARN_INFINITE_RECURSION = YES;
				CLANG_WARN_INT_CONVERSION = YES;
				CLANG_WARN_NON_LITERAL_NULL_CONVERSION = YES;
				CLANG_WARN_OBJC_IMPLICIT_RETAIN_SELF = YES;
				CLANG_WARN_OBJC_LITERAL_CONVERSION = YES;
				CLANG_WARN_OBJC_ROOT_CLASS = YES_ERROR;
				CLANG_WARN_QUOTED_INCLUDE_IN_FRAMEWORK_HEADER = YES;
				CLANG_WARN_RANGE_LOOP_ANALYSIS = YES;
				CLANG_WARN_STRICT_PROTOTYPES = YES;
				CLANG_WARN_SUSPICIOUS_MOVE = YES;
				CLANG_WARN_UNGUARDED_AVAILABILITY = YES_AGGRESSIVE;
				CLANG_WARN_UNREACHABLE_CODE = YES;
				CLANG_WARN__DUPLICATE_METHOD_MATCH = YES;
				COPY_PHASE_STRIP = NO;
				DEBUG_INFORMATION_FORMAT = dwarf;
				ENABLE_STRICT_OBJC_MSGSEND = YES;
				ENABLE_TESTABILITY = YES;
				GCC_C_LANGUAGE_STANDARD = gnu11;
				GCC_DYNAMIC_NO_PIC = NO;
				GCC_NO_COMMON_BLOCKS = YES;
				GCC_OPTIMIZATION_LEVEL = 0;
				GCC_PREPROCESSOR_DEFINITIONS = (
					"DEBUG=1",
					"$(inherited)",
				);
				GCC_WARN_64_TO_32_BIT_CONVERSION = YES;
				GCC_WARN_ABOUT_RETURN_TYPE = YES_ERROR;
				GCC_WARN_UNDECLARED_SELECTOR = YES;
				GCC_WARN_UNINITIALIZED_AUTOS = YES_AGGRESSIVE;
				GCC_WARN_UNUSED_FUNCTION = YES;
				GCC_WARN_UNUSED_VARIABLE = YES;
				IPHONEOS_DEPLOYMENT_TARGET = 14.4;
				MTL_ENABLE_DEBUG_INFO = INCLUDE_SOURCE;
				MTL_FAST_MATH = YES;
				ONLY_ACTIVE_ARCH = YES;
				SDKROOT = iphoneos;
			};
			name = Debug;
		};
		95F1831826190897009A822B /* Release */ = {
			isa = XCBuildConfiguration;
			buildSettings = {
				ALWAYS_SEARCH_USER_PATHS = NO;
				CLANG_ANALYZER_NONNULL = YES;
				CLANG_ANALYZER_NUMBER_OBJECT_CONVERSION = YES_AGGRESSIVE;
				CLANG_CXX_LANGUAGE_STANDARD = "gnu++14";
				CLANG_CXX_LIBRARY = "libc++";
				CLANG_ENABLE_MODULES = YES;
				CLANG_ENABLE_OBJC_ARC = YES;
				CLANG_ENABLE_OBJC_WEAK = YES;
				CLANG_WARN_BLOCK_CAPTURE_AUTORELEASING = YES;
				CLANG_WARN_BOOL_CONVERSION = YES;
				CLANG_WARN_COMMA = YES;
				CLANG_WARN_CONSTANT_CONVERSION = YES;
				CLANG_WARN_DEPRECATED_OBJC_IMPLEMENTATIONS = YES;
				CLANG_WARN_DIRECT_OBJC_ISA_USAGE = YES_ERROR;
				CLANG_WARN_DOCUMENTATION_COMMENTS = YES;
				CLANG_WARN_EMPTY_BODY = YES;
				CLANG_WARN_ENUM_CONVERSION = YES;
				CLANG_WARN_INFINITE_RECURSION = YES;
				CLANG_WARN_INT_CONVERSION = YES;
				CLANG_WARN_NON_LITERAL_NULL_CONVERSION = YES;
				CLANG_WARN_OBJC_IMPLICIT_RETAIN_SELF = YES;
				CLANG_WARN_OBJC_LITERAL_CONVERSION = YES;
				CLANG_WARN_OBJC_ROOT_CLASS = YES_ERROR;
				CLANG_WARN_QUOTED_INCLUDE_IN_FRAMEWORK_HEADER = YES;
				CLANG_WARN_RANGE_LOOP_ANALYSIS = YES;
				CLANG_WARN_STRICT_PROTOTYPES = YES;
				CLANG_WARN_SUSPICIOUS_MOVE = YES;
				CLANG_WARN_UNGUARDED_AVAILABILITY = YES_AGGRESSIVE;
				CLANG_WARN_UNREACHABLE_CODE = YES;
				CLANG_WARN__DUPLICATE_METHOD_MATCH = YES;
				COPY_PHASE_STRIP = NO;
				DEBUG_INFORMATION_FORMAT = "dwarf-with-dsym";
				ENABLE_NS_ASSERTIONS = NO;
				ENABLE_STRICT_OBJC_MSGSEND = YES;
				GCC_C_LANGUAGE_STANDARD = gnu11;
				GCC_NO_COMMON_BLOCKS = YES;
				GCC_WARN_64_TO_32_BIT_CONVERSION = YES;
				GCC_WARN_ABOUT_RETURN_TYPE = YES_ERROR;
				GCC_WARN_UNDECLARED_SELECTOR = YES;
				GCC_WARN_UNINITIALIZED_AUTOS = YES_AGGRESSIVE;
				GCC_WARN_UNUSED_FUNCTION = YES;
				GCC_WARN_UNUSED_VARIABLE = YES;
				IPHONEOS_DEPLOYMENT_TARGET = 14.4;
				MTL_ENABLE_DEBUG_INFO = NO;
				MTL_FAST_MATH = YES;
				SDKROOT = iphoneos;
				VALIDATE_PRODUCT = YES;
			};
			name = Release;
		};
		95F1831A26190897009A822B /* Debug */ = {
			isa = XCBuildConfiguration;
			buildSettings = {
				ASSETCATALOG_COMPILER_APPICON_NAME = AppIcon;
				ASSETCATALOG_COMPILER_GLOBAL_ACCENT_COLOR_NAME = AccentColor;
				CODE_SIGN_STYLE = Automatic;
				DEVELOPMENT_TEAM = GDW2DBY74C;
				GCC_PREFIX_HEADER = "/Users/kingyu/Projects/iOSProjects/kweibo/kweibo/kweibo-PrefixHeader.pch";
				INFOPLIST_FILE = "kweibo/Supporting Files/Info.plist";
				LD_RUNPATH_SEARCH_PATHS = (
					"$(inherited)",
					"@executable_path/Frameworks",
				);
				LIBRARY_SEARCH_PATHS = (
					"$(inherited)",
					"$(PROJECT_DIR)/libWeiboSDK",
				);
				PRODUCT_BUNDLE_IDENTIFIER = com.kingyu.kweibo;
				PRODUCT_NAME = "$(TARGET_NAME)";
				TARGETED_DEVICE_FAMILY = "1,2";
			};
			name = Debug;
		};
		95F1831B26190897009A822B /* Release */ = {
			isa = XCBuildConfiguration;
			buildSettings = {
				ASSETCATALOG_COMPILER_APPICON_NAME = AppIcon;
				ASSETCATALOG_COMPILER_GLOBAL_ACCENT_COLOR_NAME = AccentColor;
				CODE_SIGN_STYLE = Automatic;
				DEVELOPMENT_TEAM = GDW2DBY74C;
				GCC_PREFIX_HEADER = "/Users/kingyu/Projects/iOSProjects/kweibo/kweibo/kweibo-PrefixHeader.pch";
				INFOPLIST_FILE = "kweibo/Supporting Files/Info.plist";
				LD_RUNPATH_SEARCH_PATHS = (
					"$(inherited)",
					"@executable_path/Frameworks",
				);
				LIBRARY_SEARCH_PATHS = (
					"$(inherited)",
					"$(PROJECT_DIR)/libWeiboSDK",
				);
				PRODUCT_BUNDLE_IDENTIFIER = com.kingyu.kweibo;
				PRODUCT_NAME = "$(TARGET_NAME)";
				TARGETED_DEVICE_FAMILY = "1,2";
			};
			name = Release;
		};
/* End XCBuildConfiguration section */

/* Begin XCConfigurationList section */
		95F182FB26190895009A822B /* Build configuration list for PBXProject "kweibo" */ = {
			isa = XCConfigurationList;
			buildConfigurations = (
				95F1831726190897009A822B /* Debug */,
				95F1831826190897009A822B /* Release */,
			);
			defaultConfigurationIsVisible = 0;
			defaultConfigurationName = Release;
		};
		95F1831926190897009A822B /* Build configuration list for PBXNativeTarget "kweibo" */ = {
			isa = XCConfigurationList;
			buildConfigurations = (
				95F1831A26190897009A822B /* Debug */,
				95F1831B26190897009A822B /* Release */,
			);
			defaultConfigurationIsVisible = 0;
			defaultConfigurationName = Release;
		};
/* End XCConfigurationList section */
	};
	rootObject = 95F182F826190895009A822B /* Project object */;
}
